
Microsoft Visual Studio Solution File, Format Version 12.00
# Visual Studio 14
VisualStudioVersion = 14.0.23107.0
MinimumVisualStudioVersion = 10.0.40219.1
Project("{FAE04EC0-301F-11D3-BF4B-00C04F79EFBC}") = "HW1_1_20151014", "HW1_1_20151014\HW1_1_20151014.csproj", "{C2E24F56-5438-41F0-B22E-F6795FA66FDD}"
EndProject
Global
	GlobalSection(SolutionConfigurationPlatforms) = preSolution
		Debug|Any CPU = Debug|Any CPU
		Release|Any CPU = Release|Any CPU
	EndGlobalSection
	GlobalSection(ProjectConfigurationPlatforms) = postSolution
		{C2E24F56-5438-41F0-B22E-F6795FA66FDD}.Debug|Any CPU.ActiveCfg = Debug|Any CPU
		{C2E24F56-5438-41F0-B22E-F6795FA66FDD}.Debug|Any CPU.Build.0 = Debug|Any CPU
		{C2E24F56-5438-41F0-B22E-F6795FA66FDD}.Release|Any CPU.ActiveCfg = Release|Any CPU
		{C2E24F56-5438-41F0-B22E-F6795FA66FDD}.Release|Any CPU.Build.0 = Release|Any CPU
	EndGlobalSection
	GlobalSection(SolutionProperties) = preSolution
		HideSolutionNode = FALSE
	EndGlobalSection
EndGlobal
